// !$*UTF8*$!
{
	archiveVersion = 1;
	classes = {
	};
	objectVersion = 50;
	objects = {

/* Begin PBXBuildFile section */
		704F52BA2131A237001C1087 /* AppDelegate.swift in Sources */ = {isa = PBXBuildFile; fileRef = 704F52B92131A237001C1087 /* AppDelegate.swift */; };
		704F52BC2131A237001C1087 /* MainVC.swift in Sources */ = {isa = PBXBuildFile; fileRef = 704F52BB2131A237001C1087 /* MainVC.swift */; };
		704F52BF2131A237001C1087 /* Main.storyboard in Resources */ = {isa = PBXBuildFile; fileRef = 704F52BD2131A237001C1087 /* Main.storyboard */; };
		704F52C12131A238001C1087 /* Assets.xcassets in Resources */ = {isa = PBXBuildFile; fileRef = 704F52C02131A238001C1087 /* Assets.xcassets */; };
		704F52C42131A238001C1087 /* LaunchScreen.storyboard in Resources */ = {isa = PBXBuildFile; fileRef = 704F52C22131A238001C1087 /* LaunchScreen.storyboard */; };
		704F52CE2131B66D001C1087 /* CurrencyTextField.swift in Sources */ = {isa = PBXBuildFile; fileRef = 704F52CD2131B66D001C1087 /* CurrencyTextField.swift */; };
		704F52D62131D6EB001C1087 /* WindowShopperTests.swift in Sources */ = {isa = PBXBuildFile; fileRef = 704F52D52131D6EB001C1087 /* WindowShopperTests.swift */; };
		704F52DF2131D719001C1087 /* Wage.swift in Sources */ = {isa = PBXBuildFile; fileRef = 704F52DE2131D719001C1087 /* Wage.swift */; };
		704F52E02131D82A001C1087 /* Wage.swift in Sources */ = {isa = PBXBuildFile; fileRef = 704F52DE2131D719001C1087 /* Wage.swift */; };
/* End PBXBuildFile section */

/* Begin PBXContainerItemProxy section */
		704F52D82131D6EB001C1087 /* PBXContainerItemProxy */ = {
			isa = PBXContainerItemProxy;
			containerPortal = 704F52AE2131A236001C1087 /* Project object */;
			proxyType = 1;
			remoteGlobalIDString = 704F52B52131A237001C1087;
			remoteInfo = WindowShopper;
		};
/* End PBXContainerItemProxy section */

/* Begin PBXFileReference section */
		704F52B62131A237001C1087 /* WindowShopper.app */ = {isa = PBXFileReference; explicitFileType = wrapper.application; includeInIndex = 0; path = WindowShopper.app; sourceTree = BUILT_PRODUCTS_DIR; };
		704F52B92131A237001C1087 /* AppDelegate.swift */ = {isa = PBXFileReference; lastKnownFileType = sourcecode.swift; path = AppDelegate.swift; sourceTree = "<group>"; };
		704F52BB2131A237001C1087 /* MainVC.swift */ = {isa = PBXFileReference; lastKnownFileType = sourcecode.swift; path = MainVC.swift; sourceTree = "<group>"; };
		704F52BE2131A237001C1087 /* Base */ = {isa = PBXFileReference; lastKnownFileType = file.storyboard; name = Base; path = Base.lproj/Main.storyboard; sourceTree = "<group>"; };
		704F52C02131A238001C1087 /* Assets.xcassets */ = {isa = PBXFileReference; lastKnownFileType = folder.assetcatalog; path = Assets.xcassets; sourceTree = "<group>"; };
		704F52C32131A238001C1087 /* Base */ = {isa = PBXFileReference; lastKnownFileType = file.storyboard; name = Base; path = Base.lproj/LaunchScreen.storyboard; sourceTree = "<group>"; };
		704F52C52131A238001C1087 /* Info.plist */ = {isa = PBXFileReference; lastKnownFileType = text.plist.xml; path = Info.plist; sourceTree = "<group>"; };
		704F52CD2131B66D001C1087 /* CurrencyTextField.swift */ = {isa = PBXFileReference; lastKnownFileType = sourcecode.swift; path = CurrencyTextField.swift; sourceTree = "<group>"; };
		704F52D32131D6EB001C1087 /* WindowShopperTests.xctest */ = {isa = PBXFileReference; explicitFileType = wrapper.cfbundle; includeInIndex = 0; path = WindowShopperTests.xctest; sourceTree = BUILT_PRODUCTS_DIR; };
		704F52D52131D6EB001C1087 /* WindowShopperTests.swift */ = {isa = PBXFileReference; lastKnownFileType = sourcecode.swift; path = WindowShopperTests.swift; sourceTree = "<group>"; };
		704F52D72131D6EB001C1087 /* Info.plist */ = {isa = PBXFileReference; lastKnownFileType = text.plist.xml; path = Info.plist; sourceTree = "<group>"; };
		704F52DE2131D719001C1087 /* Wage.swift */ = {isa = PBXFileReference; lastKnownFileType = sourcecode.swift; path = Wage.swift; sourceTree = "<group>"; };
/* End PBXFileReference section */

/* Begin PBXFrameworksBuildPhase section */
		704F52B32131A237001C1087 /* Frameworks */ = {
			isa = PBXFrameworksBuildPhase;
			buildActionMask = 2147483647;
			files = (
			);
			runOnlyForDeploymentPostprocessing = 0;
		};
		704F52D02131D6EB001C1087 /* Frameworks */ = {
			isa = PBXFrameworksBuildPhase;
			buildActionMask = 2147483647;
			files = (
			);
			runOnlyForDeploymentPostprocessing = 0;
		};
/* End PBXFrameworksBuildPhase section */

/* Begin PBXGroup section */
		704F52AD2131A236001C1087 = {
			isa = PBXGroup;
			children = (
				704F52B82131A237001C1087 /* WindowShopper */,
				704F52D42131D6EB001C1087 /* WindowShopperTests */,
				704F52B72131A237001C1087 /* Products */,
			);
			sourceTree = "<group>";
		};
		704F52B72131A237001C1087 /* Products */ = {
			isa = PBXGroup;
			children = (
				704F52B62131A237001C1087 /* WindowShopper.app */,
				704F52D32131D6EB001C1087 /* WindowShopperTests.xctest */,
			);
			name = Products;
			sourceTree = "<group>";
		};
		704F52B82131A237001C1087 /* WindowShopper */ = {
			isa = PBXGroup;
			children = (
				704F52DD2131D707001C1087 /* Model */,
				704F52CC2131B64A001C1087 /* View */,
				704F52CB2131A644001C1087 /* Controller */,
				704F52B92131A237001C1087 /* AppDelegate.swift */,
				704F52BD2131A237001C1087 /* Main.storyboard */,
				704F52C02131A238001C1087 /* Assets.xcassets */,
				704F52C22131A238001C1087 /* LaunchScreen.storyboard */,
				704F52C52131A238001C1087 /* Info.plist */,
			);
			path = WindowShopper;
			sourceTree = "<group>";
		};
		704F52CB2131A644001C1087 /* Controller */ = {
			isa = PBXGroup;
			children = (
				704F52BB2131A237001C1087 /* MainVC.swift */,
			);
			name = Controller;
			sourceTree = "<group>";
		};
		704F52CC2131B64A001C1087 /* View */ = {
			isa = PBXGroup;
			children = (
				704F52CD2131B66D001C1087 /* CurrencyTextField.swift */,
			);
			name = View;
			sourceTree = "<group>";
		};
		704F52D42131D6EB001C1087 /* WindowShopperTests */ = {
			isa = PBXGroup;
			children = (
				704F52D52131D6EB001C1087 /* WindowShopperTests.swift */,
				704F52D72131D6EB001C1087 /* Info.plist */,
			);
			path = WindowShopperTests;
			sourceTree = "<group>";
		};
		704F52DD2131D707001C1087 /* Model */ = {
			isa = PBXGroup;
			children = (
				704F52DE2131D719001C1087 /* Wage.swift */,
			);
			name = Model;
			sourceTree = "<group>";
		};
/* End PBXGroup section */

/* Begin PBXNativeTarget section */
		704F52B52131A237001C1087 /* WindowShopper */ = {
			isa = PBXNativeTarget;
			buildConfigurationList = 704F52C82131A238001C1087 /* Build configuration list for PBXNativeTarget "WindowShopper" */;
			buildPhases = (
				704F52B22131A237001C1087 /* Sources */,
				704F52B32131A237001C1087 /* Frameworks */,
				704F52B42131A237001C1087 /* Resources */,
			);
			buildRules = (
			);
			dependencies = (
			);
			name = WindowShopper;
			productName = WindowShopper;
			productReference = 704F52B62131A237001C1087 /* WindowShopper.app */;
			productType = "com.apple.product-type.application";
		};
		704F52D22131D6EB001C1087 /* WindowShopperTests */ = {
			isa = PBXNativeTarget;
			buildConfigurationList = 704F52DC2131D6EB001C1087 /* Build configuration list for PBXNativeTarget "WindowShopperTests" */;
			buildPhases = (
				704F52CF2131D6EB001C1087 /* Sources */,
				704F52D02131D6EB001C1087 /* Frameworks */,
				704F52D12131D6EB001C1087 /* Resources */,
			);
			buildRules = (
			);
			dependencies = (
				704F52D92131D6EB001C1087 /* PBXTargetDependency */,
			);
			name = WindowShopperTests;
			productName = WindowShopperTests;
			productReference = 704F52D32131D6EB001C1087 /* WindowShopperTests.xctest */;
			productType = "com.apple.product-type.bundle.unit-test";
		};
/* End PBXNativeTarget section */

/* Begin PBXProject section */
		704F52AE2131A236001C1087 /* Project object */ = {
			isa = PBXProject;
			attributes = {
				LastSwiftUpdateCheck = 1000;
				LastUpgradeCheck = 1000;
				ORGANIZATIONNAME = "Ryan Morrison";
				TargetAttributes = {
					704F52B52131A237001C1087 = {
						CreatedOnToolsVersion = 10.0;
					};
					704F52D22131D6EB001C1087 = {
						CreatedOnToolsVersion = 10.0;
						TestTargetID = 704F52B52131A237001C1087;
					};
				};
			};
			buildConfigurationList = 704F52B12131A236001C1087 /* Build configuration list for PBXProject "WindowShopper" */;
			compatibilityVersion = "Xcode 9.3";
			developmentRegion = en;
			hasScannedForEncodings = 0;
			knownRegions = (
				en,
				Base,
			);
			mainGroup = 704F52AD2131A236001C1087;
			productRefGroup = 704F52B72131A237001C1087 /* Products */;
			projectDirPath = "";
			projectRoot = "";
			targets = (
				704F52B52131A237001C1087 /* WindowShopper */,
				704F52D22131D6EB001C1087 /* WindowShopperTests */,
			);
		};
/* End PBXProject section */

/* Begin PBXResourcesBuildPhase section */
		704F52B42131A237001C1087 /* Resources */ = {
			isa = PBXResourcesBuildPhase;
			buildActionMask = 2147483647;
			files = (
				704F52C42131A238001C1087 /* LaunchScreen.storyboard in Resources */,
				704F52C12131A238001C1087 /* Assets.xcassets in Resources */,
				704F52BF2131A237001C1087 /* Main.storyboard in Resources */,
			);
			runOnlyForDeploymentPostprocessing = 0;
		};
		704F52D12131D6EB001C1087 /* Resources */ = {
			isa = PBXResourcesBuildPhase;
			buildActionMask = 2147483647;
			files = (
			);
			runOnlyForDeploymentPostprocessing = 0;
		};
/* End PBXResourcesBuildPhase section */

/* Begin PBXSourcesBuildPhase section */
		704F52B22131A237001C1087 /* Sources */ = {
			isa = PBXSourcesBuildPhase;
			buildActionMask = 2147483647;
			files = (
				704F52CE2131B66D001C1087 /* CurrencyTextField.swift in Sources */,
				704F52DF2131D719001C1087 /* Wage.swift in Sources */,
				704F52BC2131A237001C1087 /* MainVC.swift in Sources */,
				704F52BA2131A237001C1087 /* AppDelegate.swift in Sources */,
			);
			runOnlyForDeploymentPostprocessing = 0;
		};
		704F52CF2131D6EB001C1087 /* Sources */ = {
			isa = PBXSourcesBuildPhase;
			buildActionMask = 2147483647;
			files = (
				704F52D62131D6EB001C1087 /* WindowShopperTests.swift in Sources */,
				704F52E02131D82A001C1087 /* Wage.swift in Sources */,
			);
			runOnlyForDeploymentPostprocessing = 0;
		};
/* End PBXSourcesBuildPhase section */

/* Begin PBXTargetDependency section */
		704F52D92131D6EB001C1087 /* PBXTargetDependency */ = {
			isa = PBXTargetDependency;
			target = 704F52B52131A237001C1087 /* WindowShopper */;
			targetProxy = 704F52D82131D6EB001C1087 /* PBXContainerItemProxy */;
		};
/* End PBXTargetDependency section */

/* Begin PBXVariantGroup section */
		704F52BD2131A237001C1087 /* Main.storyboard */ = {
			isa = PBXVariantGroup;
			children = (
				704F52BE2131A237001C1087 /* Base */,
			);
			name = Main.storyboard;
			sourceTree = "<group>";
		};
		704F52C22131A238001C1087 /* LaunchScreen.storyboard */ = {
			isa = PBXVariantGroup;
			children = (
				704F52C32131A238001C1087 /* Base */,
			);
			name = LaunchScreen.storyboard;
			sourceTree = "<group>";
		};
/* End PBXVariantGroup section */

/* Begin XCBuildConfiguration section */
		704F52C62131A238001C1087 /* Debug */ = {
			isa = XCBuildConfiguration;
			buildSettings = {
				ALWAYS_SEARCH_USER_PATHS = NO;
				CLANG_ANALYZER_NONNULL = YES;
				CLANG_ANALYZER_NUMBER_OBJECT_CONVERSION = YES_AGGRESSIVE;
				CLANG_CXX_LANGUAGE_STANDARD = "gnu++14";
				CLANG_CXX_LIBRARY = "libc++";
				CLANG_ENABLE_MODULES = YES;
				CLANG_ENABLE_OBJC_ARC = YES;
				CLANG_ENABLE_OBJC_WEAK = YES;
				CLANG_WARN_BLOCK_CAPTURE_AUTORELEASING = YES;
				CLANG_WARN_BOOL_CONVERSION = YES;
				CLANG_WARN_COMMA = YES;
				CLANG_WARN_CONSTANT_CONVERSION = YES;
				CLANG_WARN_DEPRECATED_OBJC_IMPLEMENTATIONS = YES;
				CLANG_WARN_DIRECT_OBJC_ISA_USAGE = YES_ERROR;
				CLANG_WARN_DOCUMENTATION_COMMENTS = YES;
				CLANG_WARN_EMPTY_BODY = YES;
				CLANG_WARN_ENUM_CONVERSION = YES;
				CLANG_WARN_INFINITE_RECURSION = YES;
				CLANG_WARN_INT_CONVERSION = YES;
				CLANG_WARN_NON_LITERAL_NULL_CONVERSION = YES;
				CLANG_WARN_OBJC_IMPLICIT_RETAIN_SELF = YES;
				CLANG_WARN_OBJC_LITERAL_CONVERSION = YES;
				CLANG_WARN_OBJC_ROOT_CLASS = YES_ERROR;
				CLANG_WARN_RANGE_LOOP_ANALYSIS = YES;
				CLANG_WARN_STRICT_PROTOTYPES = YES;
				CLANG_WARN_SUSPICIOUS_MOVE = YES;
				CLANG_WARN_UNGUARDED_AVAILABILITY = YES_AGGRESSIVE;
				CLANG_WARN_UNREACHABLE_CODE = YES;
				CLANG_WARN__DUPLICATE_METHOD_MATCH = YES;
				CODE_SIGN_IDENTITY = "iPhone Developer";
				COPY_PHASE_STRIP = NO;
				DEBUG_INFORMATION_FORMAT = dwarf;
				ENABLE_STRICT_OBJC_MSGSEND = YES;
				ENABLE_TESTABILITY = YES;
				GCC_C_LANGUAGE_STANDARD = gnu11;
				GCC_DYNAMIC_NO_PIC = NO;
				GCC_NO_COMMON_BLOCKS = YES;
				GCC_OPTIMIZATION_LEVEL = 0;
				GCC_PREPROCESSOR_DEFINITIONS = (
					"DEBUG=1",
					"$(inherited)",
				);
				GCC_WARN_64_TO_32_BIT_CONVERSION = YES;
				GCC_WARN_ABOUT_RETURN_TYPE = YES_ERROR;
				GCC_WARN_UNDECLARED_SELECTOR = YES;
				GCC_WARN_UNINITIALIZED_AUTOS = YES_AGGRESSIVE;
				GCC_WARN_UNUSED_FUNCTION = YES;
				GCC_WARN_UNUSED_VARIABLE = YES;
				IPHONEOS_DEPLOYMENT_TARGET = 12.0;
				MTL_ENABLE_DEBUG_INFO = INCLUDE_SOURCE;
				MTL_FAST_MATH = YES;
				ONLY_ACTIVE_ARCH = YES;
				SDKROOT = iphoneos;
				SWIFT_ACTIVE_COMPILATION_CONDITIONS = DEBUG;
				SWIFT_OPTIMIZATION_LEVEL = "-Onone";
			};
			name = Debug;
		};
		704F52C72131A238001C1087 /* Release */ = {
			isa = XCBuildConfiguration;
			buildSettings = {
				ALWAYS_SEARCH_USER_PATHS = NO;
				CLANG_ANALYZER_NONNULL = YES;
				CLANG_ANALYZER_NUMBER_OBJECT_CONVERSION = YES_AGGRESSIVE;
				CLANG_CXX_LANGUAGE_STANDARD = "gnu++14";
				CLANG_CXX_LIBRARY = "libc++";
				CLANG_ENABLE_MODULES = YES;
				CLANG_ENABLE_OBJC_ARC = YES;
				CLANG_ENABLE_OBJC_WEAK = YES;
				CLANG_WARN_BLOCK_CAPTURE_AUTORELEASING = YES;
				CLANG_WARN_BOOL_CONVERSION = YES;
				CLANG_WARN_COMMA = YES;
				CLANG_WARN_CONSTANT_CONVERSION = YES;
				CLANG_WARN_DEPRECATED_OBJC_IMPLEMENTATIONS = YES;
				CLANG_WARN_DIRECT_OBJC_ISA_USAGE = YES_ERROR;
				CLANG_WARN_DOCUMENTATION_COMMENTS = YES;
				CLANG_WARN_EMPTY_BODY = YES;
				CLANG_WARN_ENUM_CONVERSION = YES;
				CLANG_WARN_INFINITE_RECURSION = YES;
				CLANG_WARN_INT_CONVERSION = YES;
				CLANG_WARN_NON_LITERAL_NULL_CONVERSION = YES;
				CLANG_WARN_OBJC_IMPLICIT_RETAIN_SELF = YES;
				CLANG_WARN_OBJC_LITERAL_CONVERSION = YES;
				CLANG_WARN_OBJC_ROOT_CLASS = YES_ERROR;
				CLANG_WARN_RANGE_LOOP_ANALYSIS = YES;
				CLANG_WARN_STRICT_PROTOTYPES = YES;
				CLANG_WARN_SUSPICIOUS_MOVE = YES;
				CLANG_WARN_UNGUARDED_AVAILABILITY = YES_AGGRESSIVE;
				CLANG_WARN_UNREACHABLE_CODE = YES;
				CLANG_WARN__DUPLICATE_METHOD_MATCH = YES;
				CODE_SIGN_IDENTITY = "iPhone Developer";
				COPY_PHASE_STRIP = NO;
				DEBUG_INFORMATION_FORMAT = "dwarf-with-dsym";
				ENABLE_NS_ASSERTIONS = NO;
				ENABLE_STRICT_OBJC_MSGSEND = YES;
				GCC_C_LANGUAGE_STANDARD = gnu11;
				GCC_NO_COMMON_BLOCKS = YES;
				GCC_WARN_64_TO_32_BIT_CONVERSION = YES;
				GCC_WARN_ABOUT_RETURN_TYPE = YES_ERROR;
				GCC_WARN_UNDECLARED_SELECTOR = YES;
				GCC_WARN_UNINITIALIZED_AUTOS = YES_AGGRESSIVE;
				GCC_WARN_UNUSED_FUNCTION = YES;
				GCC_WARN_UNUSED_VARIABLE = YES;
				IPHONEOS_DEPLOYMENT_TARGET = 12.0;
				MTL_ENABLE_DEBUG_INFO = NO;
				MTL_FAST_MATH = YES;
				SDKROOT = iphoneos;
				SWIFT_COMPILATION_MODE = wholemodule;
				SWIFT_OPTIMIZATION_LEVEL = "-O";
				VALIDATE_PRODUCT = YES;
			};
			name = Release;
		};
		704F52C92131A238001C1087 /* Debug */ = {
			isa = XCBuildConfiguration;
			buildSettings = {
				ASSETCATALOG_COMPILER_APPICON_NAME = AppIcon;
				CODE_SIGN_STYLE = Automatic;
				DEVELOPMENT_TEAM = 895Q7MTPTC;
				INFOPLIST_FILE = WindowShopper/Info.plist;
				LD_RUNPATH_SEARCH_PATHS = (
					"$(inherited)",
					"@executable_path/Frameworks",
				);
				PRODUCT_BUNDLE_IDENTIFIER = uk.egoGames.WindowShopper;
				PRODUCT_NAME = "$(TARGET_NAME)";
				SWIFT_VERSION = 4.2;
				TARGETED_DEVICE_FAMILY = 1;
			};
			name = Debug;
		};
		704F52CA2131A238001C1087 /* Release */ = {
			isa = XCBuildConfiguration;
			buildSettings = {
				ASSETCATALOG_COMPILER_APPICON_NAME = AppIcon;
				CODE_SIGN_STYLE = Automatic;
				DEVELOPMENT_TEAM = 895Q7MTPTC;
				INFOPLIST_FILE = WindowShopper/Info.plist;
				LD_RUNPATH_SEARCH_PATHS = (
					"$(inherited)",
					"@executable_path/Frameworks",
				);
				PRODUCT_BUNDLE_IDENTIFIER = uk.egoGames.WindowShopper;
				PRODUCT_NAME = "$(TARGET_NAME)";
				SWIFT_VERSION = 4.2;
				TARGETED_DEVICE_FAMILY = 1;
			};
			name = Release;
		};
		704F52DA2131D6EB001C1087 /* Debug */ = {
			isa = XCBuildConfiguration;
			buildSettings = {
				BUNDLE_LOADER = "$(TEST_HOST)";
				CODE_SIGN_STYLE = Automatic;
				DEVELOPMENT_TEAM = 895Q7MTPTC;
				INFOPLIST_FILE = WindowShopperTests/Info.plist;
				LD_RUNPATH_SEARCH_PATHS = (
					"$(inherited)",
					"@executable_path/Frameworks",
					"@loader_path/Frameworks",
				);
				PRODUCT_BUNDLE_IDENTIFIER = uk.egoGames.WindowShopperTests;
				PRODUCT_NAME = "$(TARGET_NAME)";
				SWIFT_VERSION = 4.2;
				TARGETED_DEVICE_FAMILY = "1,2";
				TEST_HOST = "$(BUILT_PRODUCTS_DIR)/WindowShopper.app/WindowShopper";
			};
			name = Debug;
		};
		704F52DB2131D6EB001C1087 /* Release */ = {
			isa = XCBuildConfiguration;
			buildSettings = {
				BUNDLE_LOADER = "$(TEST_HOST)";
				CODE_SIGN_STYLE = Automatic;
				DEVELOPMENT_TEAM = 895Q7MTPTC;
				INFOPLIST_FILE = WindowShopperTests/Info.plist;
				LD_RUNPATH_SEARCH_PATHS = (
					"$(inherited)",
					"@executable_path/Frameworks",
					"@loader_path/Frameworks",
				);
				PRODUCT_BUNDLE_IDENTIFIER = uk.egoGames.WindowShopperTests;
				PRODUCT_NAME = "$(TARGET_NAME)";
				SWIFT_VERSION = 4.2;
				TARGETED_DEVICE_FAMILY = "1,2";
				TEST_HOST = "$(BUILT_PRODUCTS_DIR)/WindowShopper.app/WindowShopper";
			};
			name = Release;
		};
/* End XCBuildConfiguration section */

/* Begin XCConfigurationList section */
		704F52B12131A236001C1087 /* Build configuration list for PBXProject "WindowShopper" */ = {
			isa = XCConfigurationList;
			buildConfigurations = (
				704F52C62131A238001C1087 /* Debug */,
				704F52C72131A238001C1087 /* Release */,
			);
			defaultConfigurationIsVisible = 0;
			defaultConfigurationName = Release;
		};
		704F52C82131A238001C1087 /* Build configuration list for PBXNativeTarget "WindowShopper" */ = {
			isa = XCConfigurationList;
			buildConfigurations = (
				704F52C92131A238001C1087 /* Debug */,
				704F52CA2131A238001C1087 /* Release */,
			);
			defaultConfigurationIsVisible = 0;
			defaultConfigurationName = Release;
		};
		704F52DC2131D6EB001C1087 /* Build configuration list for PBXNativeTarget "WindowShopperTests" */ = {
			isa = XCConfigurationList;
			buildConfigurations = (
				704F52DA2131D6EB001C1087 /* Debug */,
				704F52DB2131D6EB001C1087 /* Release */,
			);
			defaultConfigurationIsVisible = 0;
			defaultConfigurationName = Release;
		};
/* End XCConfigurationList section */
	};
	rootObject = 704F52AE2131A236001C1087 /* Project object */;
}
